
Microsoft Visual Studio Solution File, Format Version 12.00
# Visual Studio Version 17
VisualStudioVersion = 17.0.31903.59
MinimumVisualStudioVersion = 10.0.40219.1
Project("{2150E333-8FDC-42A3-9474-1A3956D46DE8}") = "src", "src", "{827E0CD3-B72D-47B6-A68D-7590B98EB39B}"
EndProject
Project("{FAE04EC0-301F-11D3-BF4B-00C04F79EFBC}") = "HumanLoopLab.Api", "src\HumanLoopLab.Api\HumanLoopLab.Api.csproj", "{1619CA78-C93B-49D0-94AB-EAF1AADBDA77}"
EndProject
Project("{FAE04EC0-301F-11D3-BF4B-00C04F79EFBC}") = "HumanLoopLab.Application", "src\HumanLoopLab.Application\HumanLoopLab.Application.csproj", "{F372CFB2-A698-4DEF-BCBF-63CF3626D595}"
EndProject
Project("{FAE04EC0-301F-11D3-BF4B-00C04F79EFBC}") = "HumanLoopLab.Domain", "src\HumanLoopLab.Domain\HumanLoopLab.Domain.csproj", "{E9070298-FC3B-48EF-A798-66DA38D8BC66}"
EndProject
Project("{FAE04EC0-301F-11D3-BF4B-00C04F79EFBC}") = "HumanLoopLab.Infrastructure", "src\HumanLoopLab.Infrastructure\HumanLoopLab.Infrastructure.csproj", "{8B8BB6EF-9727-40C7-AECF-F9E538B3C585}"
EndProject
Project("{2150E333-8FDC-42A3-9474-1A3956D46DE8}") = "tests", "tests", "{0AB3BF05-4346-4AA6-1389-037BE0695223}"
EndProject
Project("{FAE04EC0-301F-11D3-BF4B-00C04F79EFBC}") = "HumanLoopLab.Application.Tests", "tests\HumanLoopLab.Application.Tests\HumanLoopLab.Application.Tests.csproj", "{C81547FC-C354-4EE5-A921-37CE7EC99E9E}"
EndProject
Project("{FAE04EC0-301F-11D3-BF4B-00C04F79EFBC}") = "HumanLoopLab.Domain.Tests", "tests\HumanLoopLab.Domain.Tests\HumanLoopLab.Domain.Tests.csproj", "{36401D89-DD3C-4421-BF48-DCBEE9CF0B7C}"
EndProject
Project("{FAE04EC0-301F-11D3-BF4B-00C04F79EFBC}") = "HumanLoopLab.IntegrationTests", "tests\HumanLoopLab.IntegrationTests\HumanLoopLab.IntegrationTests.csproj", "{CC1DF46B-9860-48E7-9DD9-50B8F8BF67CA}"
EndProject
Global
	GlobalSection(SolutionConfigurationPlatforms) = preSolution
		Debug|Any CPU = Debug|Any CPU
		Debug|x64 = Debug|x64
		Debug|x86 = Debug|x86
		Release|Any CPU = Release|Any CPU
		Release|x64 = Release|x64
		Release|x86 = Release|x86
	EndGlobalSection
	GlobalSection(ProjectConfigurationPlatforms) = postSolution
		{1619CA78-C93B-49D0-94AB-EAF1AADBDA77}.Debug|Any CPU.ActiveCfg = Debug|Any CPU
		{1619CA78-C93B-49D0-94AB-EAF1AADBDA77}.Debug|Any CPU.Build.0 = Debug|Any CPU
		{1619CA78-C93B-49D0-94AB-EAF1AADBDA77}.Debug|x64.ActiveCfg = Debug|Any CPU
		{1619CA78-C93B-49D0-94AB-EAF1AADBDA77}.Debug|x64.Build.0 = Debug|Any CPU
		{1619CA78-C93B-49D0-94AB-EAF1AADBDA77}.Debug|x86.ActiveCfg = Debug|Any CPU
		{1619CA78-C93B-49D0-94AB-EAF1AADBDA77}.Debug|x86.Build.0 = Debug|Any CPU
		{1619CA78-C93B-49D0-94AB-EAF1AADBDA77}.Release|Any CPU.ActiveCfg = Release|Any CPU
		{1619CA78-C93B-49D0-94AB-EAF1AADBDA77}.Release|Any CPU.Build.0 = Release|Any CPU
		{1619CA78-C93B-49D0-94AB-EAF1AADBDA77}.Release|x64.ActiveCfg = Release|Any CPU
		{1619CA78-C93B-49D0-94AB-EAF1AADBDA77}.Release|x64.Build.0 = Release|Any CPU
		{1619CA78-C93B-49D0-94AB-EAF1AADBDA77}.Release|x86.ActiveCfg = Release|Any CPU
		{1619CA78-C93B-49D0-94AB-EAF1AADBDA77}.Release|x86.Build.0 = Release|Any CPU
		{F372CFB2-A698-4DEF-BCBF-63CF3626D595}.Debug|Any CPU.ActiveCfg = Debug|Any CPU
		{F372CFB2-A698-4DEF-BCBF-63CF3626D595}.Debug|Any CPU.Build.0 = Debug|Any CPU
		{F372CFB2-A698-4DEF-BCBF-63CF3626D595}.Debug|x64.ActiveCfg = Debug|Any CPU
		{F372CFB2-A698-4DEF-BCBF-63CF3626D595}.Debug|x64.Build.0 = Debug|Any CPU
		{F372CFB2-A698-4DEF-BCBF-63CF3626D595}.Debug|x86.ActiveCfg = Debug|Any CPU
		{F372CFB2-A698-4DEF-BCBF-63CF3626D595}.Debug|x86.Build.0 = Debug|Any CPU
		{F372CFB2-A698-4DEF-BCBF-63CF3626D595}.Release|Any CPU.ActiveCfg = Release|Any CPU
		{F372CFB2-A698-4DEF-BCBF-63CF3626D595}.Release|Any CPU.Build.0 = Release|Any CPU
		{F372CFB2-A698-4DEF-BCBF-63CF3626D595}.Release|x64.ActiveCfg = Release|Any CPU
		{F372CFB2-A698-4DEF-BCBF-63CF3626D595}.Release|x64.Build.0 = Release|Any CPU
		{F372CFB2-A698-4DEF-BCBF-63CF3626D595}.Release|x86.ActiveCfg = Release|Any CPU
		{F372CFB2-A698-4DEF-BCBF-63CF3626D595}.Release|x86.Build.0 = Release|Any CPU
		{E9070298-FC3B-48EF-A798-66DA38D8BC66}.Debug|Any CPU.ActiveCfg = Debug|Any CPU
		{E9070298-FC3B-48EF-A798-66DA38D8BC66}.Debug|Any CPU.Build.0 = Debug|Any CPU
		{E9070298-FC3B-48EF-A798-66DA38D8BC66}.Debug|x64.ActiveCfg = Debug|Any CPU
		{E9070298-FC3B-48EF-A798-66DA38D8BC66}.Debug|x64.Build.0 = Debug|Any CPU
		{E9070298-FC3B-48EF-A798-66DA38D8BC66}.Debug|x86.ActiveCfg = Debug|Any CPU
		{E9070298-FC3B-48EF-A798-66DA38D8BC66}.Debug|x86.Build.0 = Debug|Any CPU
		{E9070298-FC3B-48EF-A798-66DA38D8BC66}.Release|Any CPU.ActiveCfg = Release|Any CPU
		{E9070298-FC3B-48EF-A798-66DA38D8BC66}.Release|Any CPU.Build.0 = Release|Any CPU
		{E9070298-FC3B-48EF-A798-66DA38D8BC66}.Release|x64.ActiveCfg = Release|Any CPU
		{E9070298-FC3B-48EF-A798-66DA38D8BC66}.Release|x64.Build.0 = Release|Any CPU
		{E9070298-FC3B-48EF-A798-66DA38D8BC66}.Release|x86.ActiveCfg = Release|Any CPU
		{E9070298-FC3B-48EF-A798-66DA38D8BC66}.Release|x86.Build.0 = Release|Any CPU
		{8B8BB6EF-9727-40C7-AECF-F9E538B3C585}.Debug|Any CPU.ActiveCfg = Debug|Any CPU
		{8B8BB6EF-9727-40C7-AECF-F9E538B3C585}.Debug|Any CPU.Build.0 = Debug|Any CPU
		{8B8BB6EF-9727-40C7-AECF-F9E538B3C585}.Debug|x64.ActiveCfg = Debug|Any CPU
		{8B8BB6EF-9727-40C7-AECF-F9E538B3C585}.Debug|x64.Build.0 = Debug|Any CPU
		{8B8BB6EF-9727-40C7-AECF-F9E538B3C585}.Debug|x86.ActiveCfg = Debug|Any CPU
		{8B8BB6EF-9727-40C7-AECF-F9E538B3C585}.Debug|x86.Build.0 = Debug|Any CPU
		{8B8BB6EF-9727-40C7-AECF-F9E538B3C585}.Release|Any CPU.ActiveCfg = Release|Any CPU
		{8B8BB6EF-9727-40C7-AECF-F9E538B3C585}.Release|Any CPU.Build.0 = Release|Any CPU
		{8B8BB6EF-9727-40C7-AECF-F9E538B3C585}.Release|x64.ActiveCfg = Release|Any CPU
		{8B8BB6EF-9727-40C7-AECF-F9E538B3C585}.Release|x64.Build.0 = Release|Any CPU
		{8B8BB6EF-9727-40C7-AECF-F9E538B3C585}.Release|x86.ActiveCfg = Release|Any CPU
		{8B8BB6EF-9727-40C7-AECF-F9E538B3C585}.Release|x86.Build.0 = Release|Any CPU
		{C81547FC-C354-4EE5-A921-37CE7EC99E9E}.Debug|Any CPU.ActiveCfg = Debug|Any CPU
		{C81547FC-C354-4EE5-A921-37CE7EC99E9E}.Debug|Any CPU.Build.0 = Debug|Any CPU
		{C81547FC-C354-4EE5-A921-37CE7EC99E9E}.Debug|x64.ActiveCfg = Debug|Any CPU
		{C81547FC-C354-4EE5-A921-37CE7EC99E9E}.Debug|x64.Build.0 = Debug|Any CPU
		{C81547FC-C354-4EE5-A921-37CE7EC99E9E}.Debug|x86.ActiveCfg = Debug|Any CPU
		{C81547FC-C354-4EE5-A921-37CE7EC99E9E}.Debug|x86.Build.0 = Debug|Any CPU
		{C81547FC-C354-4EE5-A921-37CE7EC99E9E}.Release|Any CPU.ActiveCfg = Release|Any CPU
		{C81547FC-C354-4EE5-A921-37CE7EC99E9E}.Release|Any CPU.Build.0 = Release|Any CPU
		{C81547FC-C354-4EE5-A921-37CE7EC99E9E}.Release|x64.ActiveCfg = Release|Any CPU
		{C81547FC-C354-4EE5-A921-37CE7EC99E9E}.Release|x64.Build.0 = Release|Any CPU
		{C81547FC-C354-4EE5-A921-37CE7EC99E9E}.Release|x86.ActiveCfg = Release|Any CPU
		{C81547FC-C354-4EE5-A921-37CE7EC99E9E}.Release|x86.Build.0 = Release|Any CPU
		{36401D89-DD3C-4421-BF48-DCBEE9CF0B7C}.Debug|Any CPU.ActiveCfg = Debug|Any CPU
		{36401D89-DD3C-4421-BF48-DCBEE9CF0B7C}.Debug|Any CPU.Build.0 = Debug|Any CPU
		{36401D89-DD3C-4421-BF48-DCBEE9CF0B7C}.Debug|x64.ActiveCfg = Debug|Any CPU
		{36401D89-DD3C-4421-BF48-DCBEE9CF0B7C}.Debug|x64.Build.0 = Debug|Any CPU
		{36401D89-DD3C-4421-BF48-DCBEE9CF0B7C}.Debug|x86.ActiveCfg = Debug|Any CPU
		{36401D89-DD3C-4421-BF48-DCBEE9CF0B7C}.Debug|x86.Build.0 = Debug|Any CPU
		{36401D89-DD3C-4421-BF48-DCBEE9CF0B7C}.Release|Any CPU.ActiveCfg = Release|Any CPU
		{36401D89-DD3C-4421-BF48-DCBEE9CF0B7C}.Release|Any CPU.Build.0 = Release|Any CPU
		{36401D89-DD3C-4421-BF48-DCBEE9CF0B7C}.Release|x64.ActiveCfg = Release|Any CPU
		{36401D89-DD3C-4421-BF48-DCBEE9CF0B7C}.Release|x64.Build.0 = Release|Any CPU
		{36401D89-DD3C-4421-BF48-DCBEE9CF0B7C}.Release|x86.ActiveCfg = Release|Any CPU
		{36401D89-DD3C-4421-BF48-DCBEE9CF0B7C}.Release|x86.Build.0 = Release|Any CPU
		{CC1DF46B-9860-48E7-9DD9-50B8F8BF67CA}.Debug|Any CPU.ActiveCfg = Debug|Any CPU
		{CC1DF46B-9860-48E7-9DD9-50B8F8BF67CA}.Debug|Any CPU.Build.0 = Debug|Any CPU
		{CC1DF46B-9860-48E7-9DD9-50B8F8BF67CA}.Debug|x64.ActiveCfg = Debug|Any CPU
		{CC1DF46B-9860-48E7-9DD9-50B8F8BF67CA}.Debug|x64.Build.0 = Debug|Any CPU
		{CC1DF46B-9860-48E7-9DD9-50B8F8BF67CA}.Debug|x86.ActiveCfg = Debug|Any CPU
		{CC1DF46B-9860-48E7-9DD9-50B8F8BF67CA}.Debug|x86.Build.0 = Debug|Any CPU
		{CC1DF46B-9860-48E7-9DD9-50B8F8BF67CA}.Release|Any CPU.ActiveCfg = Release|Any CPU
		{CC1DF46B-9860-48E7-9DD9-50B8F8BF67CA}.Release|Any CPU.Build.0 = Release|Any CPU
		{CC1DF46B-9860-48E7-9DD9-50B8F8BF67CA}.Release|x64.ActiveCfg = Release|Any CPU
		{CC1DF46B-9860-48E7-9DD9-50B8F8BF67CA}.Release|x64.Build.0 = Release|Any CPU
		{CC1DF46B-9860-48E7-9DD9-50B8F8BF67CA}.Release|x86.ActiveCfg = Release|Any CPU
		{CC1DF46B-9860-48E7-9DD9-50B8F8BF67CA}.Release|x86.Build.0 = Release|Any CPU
	EndGlobalSection
	GlobalSection(SolutionProperties) = preSolution
		HideSolutionNode = FALSE
	EndGlobalSection
	GlobalSection(NestedProjects) = preSolution
		{1619CA78-C93B-49D0-94AB-EAF1AADBDA77} = {827E0CD3-B72D-47B6-A68D-7590B98EB39B}
		{F372CFB2-A698-4DEF-BCBF-63CF3626D595} = {827E0CD3-B72D-47B6-A68D-7590B98EB39B}
		{E9070298-FC3B-48EF-A798-66DA38D8BC66} = {827E0CD3-B72D-47B6-A68D-7590B98EB39B}
		{8B8BB6EF-9727-40C7-AECF-F9E538B3C585} = {827E0CD3-B72D-47B6-A68D-7590B98EB39B}
		{C81547FC-C354-4EE5-A921-37CE7EC99E9E} = {0AB3BF05-4346-4AA6-1389-037BE0695223}
		{36401D89-DD3C-4421-BF48-DCBEE9CF0B7C} = {0AB3BF05-4346-4AA6-1389-037BE0695223}
		{CC1DF46B-9860-48E7-9DD9-50B8F8BF67CA} = {0AB3BF05-4346-4AA6-1389-037BE0695223}
	EndGlobalSection
EndGlobal
